dependencies:
- name: minio
  repository: https://charts.min.io/
  version: 5.4.0
- name: grafana-agent-operator
  repository: https://grafana.github.io/helm-charts
  version: 0.5.1
- name: rollout-operator
  repository: https://grafana.github.io/helm-charts
  version: 0.38.1
digest: sha256:629de4f15042cee2cdda50a65d79e43cf64dfc954938cfe82a73033db4d98941
generated: "2026-09-10T10:26:55.590806814+02:00"
